
Microsoft Visual Studio Solution File, Format Version 12.00
# Visual Studio Version 16
VisualStudioVersion = 16.0.30611.23
MinimumVisualStudioVersion = 10.0.40219.1
Project("{FAE04EC0-301F-11D3-BF4B-00C04F79EFBC}") = "mypocket-api", "mypocket-api\mypocket-api.csproj", "{0C14020D-E2F5-4799-9101-2FC00E3D9776}"
EndProject
Global
	GlobalSection(SolutionConfigurationPlatforms) = preSolution
		Debug|Any CPU = Debug|Any CPU
		Release|Any CPU = Release|Any CPU
	EndGlobalSection
	GlobalSection(ProjectConfigurationPlatforms) = postSolution
		{0C14020D-E2F5-4799-9101-2FC00E3D9776}.Debug|Any CPU.ActiveCfg = Debug|Any CPU
		{0C14020D-E2F5-4799-9101-2FC00E3D9776}.Debug|Any CPU.Build.0 = Debug|Any CPU
		{0C14020D-E2F5-4799-9101-2FC00E3D9776}.Release|Any CPU.ActiveCfg = Release|Any CPU
		{0C14020D-E2F5-4799-9101-2FC00E3D9776}.Release|Any CPU.Build.0 = Release|Any CPU
	EndGlobalSection
	GlobalSection(SolutionProperties) = preSolution
		HideSolutionNode = FALSE
	EndGlobalSection
	GlobalSection(ExtensibilityGlobals) = postSolution
		SolutionGuid = {4CB8C57E-277F-4B74-A6DA-E298520A9CD7}
	EndGlobalSection
EndGlobal
